
Microsoft Visual Studio Solution File, Format Version 12.00
# Visual Studio Version 16
VisualStudioVersion = 16.0.31515.178
MinimumVisualStudioVersion = 10.0.40219.1
Project("{FAE04EC0-301F-11D3-BF4B-00C04F79EFBC}") = "mvcEmpresasComputadoras", "mvcEmpresasComputadoras\mvcEmpresasComputadoras.csproj", "{3590E287-03FA-47EE-9C8B-9E6455E9787A}"
EndProject
Global
	GlobalSection(SolutionConfigurationPlatforms) = preSolution
		Debug|Any CPU = Debug|Any CPU
		Release|Any CPU = Release|Any CPU
	EndGlobalSection
	GlobalSection(ProjectConfigurationPlatforms) = postSolution
		{3590E287-03FA-47EE-9C8B-9E6455E9787A}.Debug|Any CPU.ActiveCfg = Debug|Any CPU
		{3590E287-03FA-47EE-9C8B-9E6455E9787A}.Debug|Any CPU.Build.0 = Debug|Any CPU
		{3590E287-03FA-47EE-9C8B-9E6455E9787A}.Release|Any CPU.ActiveCfg = Release|Any CPU
		{3590E287-03FA-47EE-9C8B-9E6455E9787A}.Release|Any CPU.Build.0 = Release|Any CPU
	EndGlobalSection
	GlobalSection(SolutionProperties) = preSolution
		HideSolutionNode = FALSE
	EndGlobalSection
	GlobalSection(ExtensibilityGlobals) = postSolution
		SolutionGuid = {64E8155B-EE7B-4F91-B7C4-7B923BBF703D}
	EndGlobalSection
EndGlobal
